// !$*UTF8*$!
{
	archiveVersion = 1;
	classes = {
	};
	objectVersion = 54;
	objects = {

/* Begin PBXBuildFile section */
		1498D2341E8E86CE0040F4C2 /* GeneratedPluginRegistrant.m in Sources */ = {isa = PBXBuildFile; fileRef = 1498D2331E8E86CE0040F4C2 /* GeneratedPluginRegistrant.m */; };
		3B06AD201E833CAA004F5970 /* Runner.appex in Embed App Extensions */ = {isa = PBXBuildFile; fileRef = 3B06AD171E833CAA004F5970 /* Runner.appex */; settings = {ATTRIBUTES = (RemoveHeadersOnCopy, ); }; };
		3B3967191E833CAA004F5970 /* RunnerTests.swift in Sources */ = {isa = PBXBuildFile; fileRef = 3B3967181E833CAA004F5970 /* RunnerTests.swift */; };
		74858FAF1ED2DC5600515810 /* AppDelegate.swift in Sources */ = {isa = PBXBuildFile; fileRef = 74858FAE1ED2DC5600515810 /* AppDelegate.swift */; };
		7AFA3C8E1D35360C0083082E /* Release.xcconfig in Resources */ = {isa = PBXBuildFile; fileRef = 7AFA3C8D1D35360C0083082E /* Release.xcconfig */; };
		7AFA3C901D35360C0083082E /* Debug.xcconfig in Resources */ = {isa = PBXBuildFile; fileRef = 7AFA3C8F1D35360C0083082E /* Debug.xcconfig */; };
		7AFA3C921D35360C0083082E /* Generated.xcconfig in Resources */ = {isa = PBXBuildFile; fileRef = 7AFA3C911D35360C0083082E /* Generated.xcconfig */; };
		7AFA3C941D35360C0083082E /* AppFrameworkInfo.plist in Resources */ = {isa = PBXBuildFile; fileRef = 7AFA3C931D35360C0083082E /* AppFrameworkInfo.plist */; };
		7AFA3C971D35360C0083082E /* Assets.xcassets in Resources */ = {isa = PBXBuildFile; fileRef = 7AFA3C961D35360C0083082E /* Assets.xcassets */; };
		7AFA3C9A1D35360C0083082E /* LaunchScreen.storyboard in Resources */ = {isa = PBXBuildFile; fileRef = 7AFA3C981D35360C0083082E /* LaunchScreen.storyboard */; };
		7AFA3C9C1D35360C0083082E /* Main.storyboard in Resources */ = {isa = PBXBuildFile; fileRef = 7AFA3C9B1D35360C0083082E /* Main.storyboard */; };
		7AFA3CA21D35360C0083082E /* Runner-Bridging-Header.h in Headers */ = {isa = PBXBuildFile; fileRef = 7AFA3CA11D35360C0083082E /* Runner-Bridging-Header.h */; };
/* End PBXBuildFile section */

/* Begin PBXContainerItemProxy section */
		3B06AD211E833CAA004F5970 /* PBXContainerItemProxy */ = {
			isa = PBXContainerItemProxy;
			containerPortal = 089C1665FE841209C02AAC07 /* Project object */;
			proxyType = 1;
			remoteGlobalIDString = 3B06AD161E833CAA004F5970;
			remoteInfo = Runner;
		};
		3B39671C1E833CAA004F5970 /* PBXContainerItemProxy */ = {
			isa = PBXContainerItemProxy;
			containerPortal = 089C1665FE841209C02AAC07 /* Project object */;
			proxyType = 1;
			remoteGlobalIDString = 8DAB135C1E28AF55004C0270;
			remoteInfo = Runner;
		};
/* End PBXContainerItemProxy section */

/* Begin PBXFileReference section */
		1498D2331E8E86CE0040F4C2 /* GeneratedPluginRegistrant.m */ = {isa = PBXFileReference; fileEncoding = 4; lastKnownFileType = sourcecode.c.objc; name = GeneratedPluginRegistrant.m; path = Generated/PluginRegistrant.m; sourceTree = "<group>"; };
		3B06AD171E833CAA004F5970 /* Runner.appex */ = {isa = PBXFileReference; explicitFileType = wrapper.app-extension; includeInIndex = 0; path = Runner.appex; sourceTree = BUILT_PRODUCTS_DIR; };
		3B06AD1F1E833CAA004F5970 /* Runner.app */ = {isa = PBXFileReference; explicitFileType = wrapper.application; includeInIndex = 0; path = Runner.app; sourceTree = BUILT_PRODUCTS_DIR; };
		3B3967171E833CAA004F5970 /* RunnerTests.xctest */ = {isa = PBXFileReference; explicitFileType = wrapper.cfbundle; includeInIndex = 0; path = RunnerTests.xctest; sourceTree = BUILT_PRODUCTS_DIR; };
		3B3967181E833CAA004F5970 /* RunnerTests.swift */ = {isa = PBXFileReference; lastKnownFileType = sourcecode.swift; path = RunnerTests.swift; sourceTree = "<group>"; };
		74858FAE1ED2DC5600515810 /* AppDelegate.swift */ = {isa = PBXFileReference; fileEncoding = 4; lastKnownFileType = sourcecode.swift; name = AppDelegate.swift; path = Runner/AppDelegate.swift; sourceTree = "<group>"; };
		7AFA3C8D1D35360C0083082E /* Release.xcconfig */ = {isa = PBXFileReference; lastKnownFileType = text.xcconfig; name = Release.xcconfig; path = Flutter/Release.xcconfig; sourceTree = "<group>"; };
		7AFA3C8F1D35360C0083082E /* Debug.xcconfig */ = {isa = PBXFileReference; lastKnownFileType = text.xcconfig; name = Debug.xcconfig; path = Flutter/Debug.xcconfig; sourceTree = "<group>"; };
		7AFA3C911D35360C0083082E /* Generated.xcconfig */ = {isa = PBXFileReference; name = Generated.xcconfig; path = Flutter/Generated.xcconfig; sourceTree = "<group>"; };
		7AFA3C931D35360C0083082E /* AppFrameworkInfo.plist */ = {isa = PBXFileReference; name = AppFrameworkInfo.plist; path = Flutter/AppFrameworkInfo.plist; sourceTree = "<group>"; };
		7AFA3C961D35360C0083082E /* Assets.xcassets */ = {isa = PBXFileReference; lastKnownFileType = folder.assetcatalog; name = Assets.xcassets; path = Runner/Assets.xcassets; sourceTree = "<group>"; };
		7AFA3C981D35360C0083082E /* LaunchScreen.storyboard */ = {isa = PBXFileReference; lastKnownFileType = file.storyboard; name = LaunchScreen.storyboard; path = Runner/Base.lproj/LaunchScreen.storyboard; sourceTree = "<group>"; };
		7AFA3C9B1D35360C0083082E /* Main.storyboard */ = {isa = PBXFileReference; lastKnownFileType = file.storyboard; name = Main.storyboard; path = Runner/Base.lproj/Main.storyboard; sourceTree = "<group>"; };
		7AFA3CA11D35360C0083082E /* Runner-Bridging-Header.h */ = {isa = PBXFileReference; lastKnownFileType = sourcecode.c.h; name = "Runner-Bridging-Header.h"; path = "Runner/Runner-Bridging-Header.h"; sourceTree = "<group>"; };
		7AFA3CA41D35360C0083082E /* Info.plist */ = {isa = PBXFileReference; lastKnownFileType = text.plist.xml; name = Info.plist; path = Runner/Info.plist; sourceTree = "<group>"; };
		BB5BE4A51E29AB06007040F7 /* GeneratedPluginRegistrant.h */ = {isa = PBXFileReference; fileEncoding = 4; lastKnownFileType = sourcecode.c.h; name = GeneratedPluginRegistrant.h; path = Generated/PluginRegistrant.h; sourceTree = "<group>"; };
/* End PBXFileReference section */

/* Begin PBXFrameworksBuildPhase section */
		3B06AD191E833CAA004F5970 /* Frameworks */ = {
			isa = PBXFrameworksBuildPhase;
			buildActionMask = 2147483647;
			files = (
			);
			runOnlyForDeploymentPostprocessing = 0;
		};
		3B39671A1E833CAA004F5970 /* Frameworks */ = {
			isa = PBXFrameworksBuildPhase;
			buildActionMask = 2147483647;
			files = (
			);
			runOnlyForDeploymentPostprocessing = 0;
		};
		97C147001CF9000F007C117D /* Frameworks */ = {
			isa = PBXFrameworksBuildPhase;
			buildActionMask = 2147483647;
			files = (
			);
			runOnlyForDeploymentPostprocessing = 0;
		};
/* End PBXFrameworksBuildPhase section */

/* Begin PBXGroup section */
		089C1666FE841209C02AAC07 = {
			isa = PBXGroup;
			children = (
				089C166AFE841209C02AAC07 /* Runner */,
				089C166DFE841209C02AAC07 /* Products */,
				7AFA3C8C1D35360C0083082E /* Flutter */,
				3B06AD1C1E833CAA004F5970 /* Runner.xcodeproj */,
			);
			sourceTree = "<group>";
		};
		089C166AFE841209C02AAC07 /* Runner */ = {
			isa = PBXGroup;
			children = (
				74858FAE1ED2DC5600515810 /* AppDelegate.swift */,
				7AFA3CA11D35360C0083082E /* Runner-Bridging-Header.h */,
				7AFA3CA41D35360C0083082E /* Info.plist */,
				7AFA3C961D35360C0083082E /* Assets.xcassets */,
				7AFA3C981D35360C0083082E /* LaunchScreen.storyboard */,
				7AFA3C9B1D35360C0083082E /* Main.storyboard */,
				3B3967181E833CAA004F5970 /* RunnerTests.swift */,
			);
			name = Runner;
			sourceTree = "<group>";
		};
		089C166DFE841209C02AAC07 /* Products */ = {
			isa = PBXGroup;
			children = (
				3B06AD1F1E833CAA004F5970 /* Runner.app */,
				3B06AD171E833CAA004F5970 /* Runner.appex */,
				3B3967171E833CAA004F5970 /* RunnerTests.xctest */,
			);
			name = Products;
			sourceTree = "<group>";
		};
		3B06AD1C1E833CAA004F5970 /* Runner.xcodeproj */ = {
			isa = PBXGroup;
			children = (
			);
			name = Runner.xcodeproj;
			sourceTree = "<group>";
		};
		7AFA3C8C1D35360C0083082E /* Flutter */ = {
			isa = PBXGroup;
			children = (
				7AFA3C8D1D35360C0083082E /* Release.xcconfig */,
				7AFA3C8F1D35360C0083082E /* Debug.xcconfig */,
				7AFA3C911D35360C0083082E /* Generated.xcconfig */,
				7AFA3C931D35360C0083082E /* AppFrameworkInfo.plist */,
			);
			name = Flutter;
			sourceTree = "<group>";
		};
		8DAB135B1E28AF55004C0270 /* Embed Foundation Extensions */ = {
			isa = PBXGroup;
			children = (
			);
			name = "Embed Foundation Extensions";
			sourceTree = "<group>";
		};
/* End PBXGroup section */

/* Begin PBXNativeTarget section */
		3B06AD161E833CAA004F5970 /* Runner */ = {
			isa = PBXNativeTarget;
			buildConfigurationList = 3B06AD251E833CAA004F5970 /* Build configuration list for PBXNativeTarget "Runner" */;
			buildPhases = (
				9740EEB11CF90195004384FC /* Run Script */,
				3B06AD181E833CAA004F5970 /* Sources */,
				3B06AD191E833CAA004F5970 /* Frameworks */,
				9740EEB21CF901A8004384FC /* Run Script */,
				3B06AD1B1E833CAA004F5970 /* Resources */,
				FD10A7F022414F080027D42C /* Embed App Extensions */,
			);
			buildRules = (
			);
			dependencies = (
			);
			name = Runner;
			productName = Runner;
			productReference = 3B06AD1F1E833CAA004F5970 /* Runner.app */;
			productType = "com.apple.product-type.application";
		};
		3B3967151E833CAA004F5970 /* RunnerTests */ = {
			isa = PBXNativeTarget;
			buildConfigurationList = 3B3967211E833CAA004F5970 /* Build configuration list for PBXNativeTarget "RunnerTests" */;
			buildPhases = (
				3B39671A1E833CAA004F5970 /* Frameworks */,
				3B39671B1E833CAA004F5970 /* Sources */,
				3B39671D1E833CAA004F5970 /* Resources */,
			);
			buildRules = (
			);
			dependencies = (
				3B39671C1E833CAA004F5970 /* PBXContainerItemProxy */,
			);
			name = RunnerTests;
			productName = RunnerTests;
			productReference = 3B3967171E833CAA004F5970 /* RunnerTests.xctest */;
			productType = "com.apple.product-type.bundle.unit-test";
		};
/* End PBXNativeTarget section */

/* Begin PBXProject section */
		089C1665FE841209C02AAC07 /* Project object */ = {
			isa = PBXProject;
			attributes = {
				BuildIndependentTargetsInParallel = 1;
				LastUpgradeCheck = 1510;
				ORGANIZATIONNAME = "";
				TargetAttributes = {
					3B06AD161E833CAA004F5970 = {
						CreatedOnToolsVersion = 13.2.1;
						ProvisioningStyle = Automatic;
					};
					3B3967151E833CAA004F5970 = {
						CreatedOnToolsVersion = 13.2.1;
						ProvisioningStyle = Automatic;
						TestTargetID = 3B06AD161E833CAA004F5970;
					};
				};
			};
			buildConfigurationList = 3B06AD131E833CAA004F5970 /* Build configuration list for PBXProject "Runner" */;
			compatibilityVersion = "Xcode 9.3";
			developmentRegion = en;
			hasScannedForEncodings = 0;
			knownRegions = (
				en,
				Base,
			);
			mainGroup = 089C1666FE841209C02AAC07;
			productRefGroup = 089C166DFE841209C02AAC07 /* Products */;
			projectDirPath = "";
			projectRoot = "";
			targets = (
				3B06AD161E833CAA004F5970 /* Runner */,
				3B3967151E833CAA004F5970 /* RunnerTests */,
			);
		};
/* End PBXProject section */

/* Begin PBXResourcesBuildPhase section */
		3B06AD1B1E833CAA004F5970 /* Resources */ = {
			isa = PBXResourcesBuildPhase;
			buildActionMask = 2147483647;
			files = (
				7AFA3C9A1D35360C0083082E /* LaunchScreen.storyboard in Resources */,
				7AFA3C941D35360C0083082E /* AppFrameworkInfo.plist in Resources */,
				7AFA3C971D35360C0083082E /* Assets.xcassets in Resources */,
				7AFA3C9C1D35360C0083082E /* Main.storyboard in Resources */,
				7AFA3CA21D35360C0083082E /* Runner-Bridging-Header.h in Headers */,
				7AFA3C901D35360C0083082E /* Debug.xcconfig in Resources */,
				7AFA3C8E1D35360C0083082E /* Release.xcconfig in Resources */,
				7AFA3C921D35360C0083082E /* Generated.xcconfig in Resources */,
			);
			runOnlyForDeploymentPostprocessing = 0;
		};
		3B39671D1E833CAA004F5970 /* Resources */ = {
			isa = PBXResourcesBuildPhase;
			buildActionMask = 2147483647;
			files = (
			);
			runOnlyForDeploymentPostprocessing = 0;
		};
		9740EEB21CF901A8004384FC /* Run Script */ = {
			isa = PBXShellScriptBuildPhase;
			buildActionMask = 2147483647;
			files = (
			);
			inputPaths = (
				"$(SRCROOT)/Flutter/flutter_export_environment.sh",
			);
			name = "Run Script";
			outputPaths = (
			);
			runOnlyForDeploymentPostprocessing = 0;
			shellPath = /bin/sh;
			shellScript = "/bin/sh \"$FLUTTER_ROOT/packages/flutter_tools/bin/xcode_backend.sh\" build";
		};
		9740EEB11CF90195004384FC /* Run Script */ = {
			isa = PBXShellScriptBuildPhase;
			buildActionMask = 2147483647;
			files = (
			);
			inputPaths = (
				"$(SRCROOT)/Flutter/flutter_export_environment.sh",
			);
			name = "Run Script";
			outputPaths = (
			);
			runOnlyForDeploymentPostprocessing = 0;
			shellPath = /bin/sh;
			shellScript = "/bin/sh \"$FLUTTER_ROOT/packages/flutter_tools/bin/xcode_backend.sh\" build &amp;&amp; /bin/sh \"$FLUTTER_ROOT/packages/flutter_tools/bin/xcode_backend.sh\" embed";
		};
/* End PBXResourcesBuildPhase section */

/* Begin PBXShellScriptBuildPhase section */
		FD10A7F022414F080027D42C /* Embed App Extensions */ = {
			isa = PBXShellScriptBuildPhase;
			buildActionMask = 2147483647;
			files = (
				3B06AD201E833CAA004F5970 /* Runner.appex in Embed App Extensions */,
			);
			inputFileListPaths = (
			);
			inputPaths = (
			);
			name = "Embed App Extensions";
			outputFileListPaths = (
			);
			outputPaths = (
			);
			runOnlyForDeploymentPostprocessing = 0;
			shellPath = /bin/sh;
			shellScript = "/bin/sh \"$FLUTTER_ROOT/packages/flutter_tools/bin/xcode_backend.sh\" embed_and_thin";
		};
/* End PBXShellScriptBuildPhase section */

/* Begin PBXSourcesBuildPhase section */
		3B06AD181E833CAA004F5970 /* Sources */ = {
			isa = PBXSourcesBuildPhase;
			buildActionMask = 2147483647;
			files = (
				74858FAF1ED2DC5600515810 /* AppDelegate.swift in Sources */,
				1498D2341E8E86CE0040F4C2 /* GeneratedPluginRegistrant.m in Sources */,
			);
			runOnlyForDeploymentPostprocessing = 0;
		};
		3B39671B1E833CAA004F5970 /* Sources */ = {
			isa = PBXSourcesBuildPhase;
			buildActionMask = 2147483647;
			files = (
				3B3967191E833CAA004F5970 /* RunnerTests.swift in Sources */,
			);
			runOnlyForDeploymentPostprocessing = 0;
		};
/* End PBXSourcesBuildPhase section */

/* Begin PBXTargetDependency section */
		3B39671C1E833CAA004F5970 /* PBXTargetDependency */ = {
			isa = PBXTargetDependency;
			target = 3B06AD161E833CAA004F5970 /* Runner */;
			targetProxy = 3B39671C1E833CAA004F5970 /* PBXContainerItemProxy */;
		};
/* End PBXTargetDependency section */

/* Begin XCBuildConfiguration section */
		249021D3217E4FDB00AE95B9 /* Profile */ = {
			isa = XCBuildConfiguration;
			buildSettings = {
				ALWAYS_SEARCH_USER_PATHS = NO;
				CLANG_ANALYZER_NONNULL = YES;
				CLANG_ANALYZER_NUMBER_OBJECT_CONVERSION = YES_AGGRESSIVE;
				CLANG_CXX_LANGUAGE_STANDARD = "gnu++20";
				CLANG_ENABLE_MODULES = YES;
				CLANG_ENABLE_OBJC_ARC = YES;
				CLANG_ENABLE_OBJC_WEAK = YES;
				CLANG_WARN_BLOCK_CAPTURE_AUTORELEASING = YES;
				CLANG_WARN_BOOL_CONVERSION = YES;
				CLANG_WARN_COMMA = YES;
				CLANG_WARN_CONSTANT_CONVERSION = YES;
				CLANG_WARN_DEPRECATED_OBJC_IMPLEMENTATIONS = YES;
				CLANG_WARN_DIRECT_OBJC_ISA_USAGE = YES_ERROR;
				CLANG_WARN_DOCUMENTATION_COMMENTS = YES;
				CLANG_WARN_EMPTY_BODY = YES;
				CLANG_WARN_ENUM_CONVERSION = YES;
				CLANG_WARN_INFINITE_RECURSION = YES;
				CLANG_WARN_INT_CONVERSION = YES;
				CLANG_WARN_NON_LITERAL_NULL_CONVERSION = YES;
				CLANG_WARN_OBJC_IMPLICIT_RETAIN_SELF = YES;
				CLANG_WARN_OBJC_LITERAL_CONVERSION = YES;
				CLANG_WARN_OBJC_ROOT_CLASS = YES_ERROR;
				CLANG_WARN_QUOTED_INCLUDE_IN_FRAMEWORK_HEADER = YES;
				CLANG_WARN_RANGE_LOOP_ANALYSIS = YES;
				CLANG_WARN_STRICT_PROTOTYPES = YES;
				CLANG_WARN_SUSPICIOUS_MOVE = YES;
				CLANG_WARN_UNGUARDED_AVAILABILITY = YES_AGGRESSIVE;
				CLANG_WARN_UNREACHABLE_CODE = YES;
				CLANG_WARN__DUPLICATE_METHOD_MATCH = YES;
				COPY_PHASE_STRIP = NO;
				DEBUG_INFORMATION_FORMAT = "dwarf-with-dsym";
				ENABLE_NS_ASSERTIONS = NO;
				ENABLE_STRICT_OBJC_MSGSEND = YES;
				ENABLE_TESTABILITY = NO;
				GCC_C_LANGUAGE_STANDARD = gnu11;
				GCC_NO_COMMON_BLOCKS = YES;
				GCC_OPTIMIZATION_LEVEL = 0;
				GCC_WARN_64_TO_32_BIT_CONVERSION = YES;
				GCC_WARN_ABOUT_RETURN_TYPE = YES_ERROR;
				GCC_WARN_UNDECLARED_SELECTOR = YES;
				GCC_WARN_UNINITIALIZED_AUTOS = YES_AGGRESSIVE;
				GCC_WARN_UNUSED_FUNCTION = YES;
				GCC_WARN_UNUSED_VARIABLE = YES;
				MTL_ENABLE_DEBUG_INFO = NO;
				SDKROOT = iphoneos;
				SUPPORTED_PLATFORMS = "iphoneos iphonesimulator";
				SUPPORTS_MACCATALYST = NO;
				SWIFT_COMPILATION_MODE = wholemodule;
				TARGETED_DEVICE_FAMILY = "1,2";
				CLANG_WARN_QUOTED_INCLUDE_IN_FRAMEWORK_HEADER = YES;
			};
			name = Profile;
		};
		249021D4217E4FDB00AE95B9 /* Profile */ = {
			isa = XCBuildConfiguration;
			buildSettings = {
				ASSETCATALOG_COMPILER_APPICON_NAME = AppIcon;
				CLANG_ENABLE_MODULES = YES;
				CURRENT_PROJECT_VERSION = "$(FLUTTER_BUILD_NUMBER)";
				ENABLE_BITCODE = NO;
				INFOPLIST_FILE = Runner/Info.plist;
				LD_RUNPATH_SEARCH_PATHS = (
					"$(inherited)",
					"@executable_path/Frameworks",
				);
				PRODUCT_BUNDLE_IDENTIFIER = com.nakudin.jambcbt;
				PRODUCT_NAME = "$(TARGET_NAME)";
				SWIFT_OBJC_BRIDGING_HEADER = "Runner/Runner-Bridging-Header.h";
				SWIFT_VERSION = 5.0;
				VERSIONING_SYSTEM = "apple-generic";
				VERSION_INFO_PREFIX = "";
			};
			name = Profile;
		};
		7AFA3C861D35360C0083082E /* Debug */ = {
			isa = XCBuildConfiguration;
			buildSettings = {
				ALWAYS_SEARCH_USER_PATHS = NO;
				CLANG_ANALYZER_NONNULL = YES;
				CLANG_ANALYZER_NUMBER_OBJECT_CONVERSION = YES_AGGRESSIVE;
				CLANG_CXX_LANGUAGE_STANDARD = "gnu++20";
				CLANG_ENABLE_MODULES = YES;
				CLANG_ENABLE_OBJC_ARC = YES;
				CLANG_ENABLE_OBJC_WEAK = YES;
				CLANG_WARN_BLOCK_CAPTURE_AUTORELEASING = YES;
				CLANG_WARN_BOOL_CONVERSION = YES;
				CLANG_WARN_COMMA = YES;
				CLANG_WARN_CONSTANT_CONVERSION = YES;
				CLANG_WARN_DEPRECATED_OBJC_IMPLEMENTATIONS = YES;
				CLANG_WARN_DIRECT_OBJC_ISA_USAGE = YES_ERROR;
				CLANG_WARN_DOCUMENTATION_COMMENTS = YES;
				CLANG_WARN_EMPTY_BODY = YES;
				CLANG_WARN_ENUM_CONVERSION = YES;
				CLANG_WARN_INFINITE_RECURSION = YES;
				CLANG_WARN_INT_CONVERSION = YES;
				CLANG_WARN_NON_LITERAL_NULL_CONVERSION = YES;
				CLANG_WARN_OBJC_IMPLICIT_RETAIN_SELF = YES;
				CLANG_WARN_OBJC_LITERAL_CONVERSION = YES;
				CLANG_WARN_OBJC_ROOT_CLASS = YES_ERROR;
				CLANG_WARN_QUOTED_INCLUDE_IN_FRAMEWORK_HEADER = YES;
				CLANG_WARN_RANGE_LOOP_ANALYSIS = YES;
				CLANG_WARN_STRICT_PROTOTYPES = YES;
				CLANG_WARN_SUSPICIOUS_MOVE = YES;
				CLANG_WARN_UNGUARDED_AVAILABILITY = YES_AGGRESSIVE;
				CLANG_WARN_UNREACHABLE_CODE = YES;
				CLANG_WARN__DUPLICATE_METHOD_MATCH = YES;
				COPY_PHASE_STRIP = NO;
				DEBUG_INFORMATION_FORMAT = dwarf;
				ENABLE_STRICT_OBJC_MSGSEND = YES;
				ENABLE_TESTABILITY = YES;
				GCC_C_LANGUAGE_STANDARD = gnu11;
				GCC_DYNAMIC_NO_PIC = NO;
				GCC_NO_COMMON_BLOCKS = YES;
				GCC_OPTIMIZATION_LEVEL = 0;
				GCC_PREPROCESSOR_DEFINITIONS = (
					"DEBUG=1",
					"$(inherited)",
				);
				GCC_WARN_64_TO_32_BIT_CONVERSION = YES;
				GCC_WARN_ABOUT_RETURN_TYPE = YES_ERROR;
				GCC_WARN_UNDECLARED_SELECTOR = YES;
				GCC_WARN_UNINITIALIZED_AUTOS = YES_AGGRESSIVE;
				GCC_WARN_UNUSED_FUNCTION = YES;
				GCC_WARN_UNUSED_VARIABLE = YES;
				MTL_ENABLE_DEBUG_INFO = YES;
				ONLY_ACTIVE_ARCH = YES;
				SDKROOT = iphoneos;
				SUPPORTED_PLATFORMS = "iphoneos iphonesimulator";
				SWIFT_ACTIVE_COMPILATION_CONDITIONS = "$(inherited) DEBUG";
				SWIFT_OPTIMIZATION_LEVEL = "-Onone";
			};
			name = Debug;
		};
		7AFA3C871D35360C0083082E /* Release */ = {
			isa = XCBuildConfiguration;
			buildSettings = {
				ALWAYS_SEARCH_USER_PATHS = NO;
				CLANG_ANALYZER_NONNULL = YES;
				CLANG_ANALYZER_NUMBER_OBJECT_CONVERSION = YES_AGGRESSIVE;
				CLANG_CXX_LANGUAGE_STANDARD = "gnu++20";
				CLANG_ENABLE_MODULES = YES;
				CLANG_ENABLE_OBJC_ARC = YES;
				CLANG_ENABLE_OBJC_WEAK = YES;
				CLANG_WARN_BLOCK_CAPTURE_AUTORELEASING = YES;
				CLANG_WARN_BOOL_CONVERSION = YES;
				CLANG_WARN_COMMA = YES;
				CLANG_WARN_CONSTANT_CONVERSION = YES;
				CLANG_WARN_DEPRECATED_OBJC_IMPLEMENTATIONS = YES;
				CLANG_WARN_DIRECT_OBJC_ISA_USAGE = YES_ERROR;
				CLANG_WARN_DOCUMENTATION_COMMENTS = YES;
				CLANG_WARN_EMPTY_BODY = YES;
				CLANG_WARN_ENUM_CONVERSION = YES;
				CLANG_WARN_INFINITE_RECURSION = YES;
				CLANG_WARN_INT_CONVERSION = YES;
				CLANG_WARN_NON_LITERAL_NULL_CONVERSION = YES;
				CLANG_WARN_OBJC_IMPLICIT_RETAIN_SELF = YES;
				CLANG_WARN_OBJC_LITERAL_CONVERSION = YES;
				CLANG_WARN_OBJC_ROOT_CLASS = YES_ERROR;
				CLANG_WARN_QUOTED_INCLUDE_IN_FRAMEWORK_HEADER = YES;
				CLANG_WARN_RANGE_LOOP_ANALYSIS = YES;
				CLANG_WARN_STRICT_PROTOTYPES = YES;
				CLANG_WARN_SUSPICIOUS_MOVE = YES;
				CLANG_WARN_UNGUARDED_AVAILABILITY = YES_AGGRESSIVE;
				CLANG_WARN_UNREACHABLE_CODE = YES;
				CLANG_WARN__DUPLICATE_METHOD_MATCH = YES;
				COPY_PHASE_STRIP = NO;
				DEBUG_INFORMATION_FORMAT = "dwarf-with-dsym";
				ENABLE_NS_ASSERTIONS = NO;
				ENABLE_STRICT_OBJC_MSGSEND = YES;
				GCC_C_LANGUAGE_STANDARD = gnu11;
				GCC_NO_COMMON_BLOCKS = YES;
				GCC_WARN_64_TO_32_BIT_CONVERSION = YES;
				GCC_WARN_ABOUT_RETURN_TYPE = YES_ERROR;
				GCC_WARN_UNDECLARED_SELECTOR = YES;
				GCC_WARN_UNINITIALIZED_AUTOS = YES_AGGRESSIVE;
				GCC_WARN_UNUSED_FUNCTION = YES;
				GCC_WARN_UNUSED_VARIABLE = YES;
				MTL_ENABLE_DEBUG_INFO = NO;
				SDKROOT = iphoneos;
				SUPPORTED_PLATFORMS = "iphoneos iphonesimulator";
				SWIFT_COMPILATION_MODE = wholemodule;
				TARGETED_DEVICE_FAMILY = "1,2";
				VALIDATE_PRODUCT = YES;
			};
			name = Release;
		};
		3B06AD231E833CAA004F5970 /* Debug */ = {
			isa = XCBuildConfiguration;
			buildSettings = {
				ASSETCATALOG_COMPILER_APPICON_NAME = AppIcon;
				CLANG_ENABLE_MODULES = YES;
				CURRENT_PROJECT_VERSION = "$(FLUTTER_BUILD_NUMBER)";
				ENABLE_BITCODE = NO;
				INFOPLIST_FILE = Runner/Info.plist;
				LD_RUNPATH_SEARCH_PATHS = (
					"$(inherited)",
					"@executable_path/Frameworks",
				);
				PRODUCT_BUNDLE_IDENTIFIER = com.nakudin.jambcbt;
				PRODUCT_NAME = "$(TARGET_NAME)";
				SWIFT_OBJC_BRIDGING_HEADER = "Runner/Runner-Bridging-Header.h";
				SWIFT_VERSION = 5.0;
				VERSIONING_SYSTEM = "apple-generic";
				VERSION_INFO_PREFIX = "";
			};
			name = Debug;
		};
		3B06AD241E833CAA004F5970 /* Release */ = {
			isa = XCBuildConfiguration;
			buildSettings = {
				ASSETCATALOG_COMPILER_APPICON_NAME = AppIcon;
				CLANG_ENABLE_MODULES = YES;
				CURRENT_PROJECT_VERSION = "$(FLUTTER_BUILD_NUMBER)";
				ENABLE_BITCODE = NO;
				INFOPLIST_FILE = Runner/Info.plist;
				LD_RUNPATH_SEARCH_PATHS = (
					"$(inherited)",
					"@executable_path/Frameworks",
				);
				PRODUCT_BUNDLE_IDENTIFIER = com.nakudin.jambcbt;
				PRODUCT_NAME = "$(TARGET_NAME)";
				SWIFT_OBJC_BRIDGING_HEADER = "Runner/Runner-Bridging-Header.h";
				SWIFT_VERSION = 5.0;
				VERSIONING_SYSTEM = "apple-generic";
				VERSION_INFO_PREFIX = "";
			};
			name = Release;
		};
		3B39671E1E833CAA004F5970 /* Debug */ = {
			isa = XCBuildConfiguration;
			buildSettings = {
				BUNDLE_LOADER = "$(TEST_HOST)";
				CODE_SIGN_STYLE = Automatic;
				CURRENT_PROJECT_VERSION = "$(FLUTTER_BUILD_NUMBER)";
				GENERATE_INFOPLIST_FILE = NO;
				INFOPLIST_FILE = "RunnerTests/Info.plist";
				LD_RUNPATH_SEARCH_PATHS = (
					"$(inherited)",
					"@executable_path/Frameworks",
					"@loader_path/Frameworks",
				);
				PRODUCT_BUNDLE_IDENTIFIER = com.nakudin.jambcbt.RunnerTests;
				PRODUCT_NAME = "$(TARGET_NAME)";
				SWIFT_VERSION = 5.0;
				TARGETED_DEVICE_FAMILY = "1,2";
			};
			name = Debug;
		};
		3B39671F1E833CAA004F5970 /* Profile */ = {
			isa = XCBuildConfiguration;
			buildSettings = {
				BUNDLE_LOADER = "$(TEST_HOST)";
				CODE_SIGN_STYLE = Automatic;
				CURRENT_PROJECT_VERSION = "$(FLUTTER_BUILD_NUMBER)";
				GENERATE_INFOPLIST_FILE = NO;
				INFOPLIST_FILE = "RunnerTests/Info.plist";
				LD_RUNPATH_SEARCH_PATHS = (
					"$(inherited)",
					"@executable_path/Frameworks",
					"@loader_path/Frameworks",
				);
				PRODUCT_BUNDLE_IDENTIFIER = com.nakudin.jambcbt.RunnerTests;
				PRODUCT_NAME = "$(TARGET_NAME)";
				SWIFT_VERSION = 5.0;
				TARGETED_DEVICE_FAMILY = "1,2";
			};
			name = Profile;
		};
		3B3967201E833CAA004F5970 /* Release */ = {
			isa = XCBuildConfiguration;
			buildSettings = {
				BUNDLE_LOADER = "$(TEST_HOST)";
				CODE_SIGN_STYLE = Automatic;
				CURRENT_PROJECT_VERSION = "$(FLUTTER_BUILD_NUMBER)";
				GENERATE_INFOPLIST_FILE = NO;
				INFOPLIST_FILE = "RunnerTests/Info.plist";
				LD_RUNPATH_SEARCH_PATHS = (
					"$(inherited)",
					"@executable_path/Frameworks",
					"@loader_path/Frameworks",
				);
				PRODUCT_BUNDLE_IDENTIFIER = com.nakudin.jambcbt.RunnerTests;
				PRODUCT_NAME = "$(TARGET_NAME)";
				SWIFT_VERSION = 5.0;
				TARGETED_DEVICE_FAMILY = "1,2";
			};
			name = Release;
		};
/* End XCBuildConfiguration section */

/* Begin XCConfigurationList section */
		3B06AD131E833CAA004F5970 /* Build configuration list for PBXProject "Runner" */ = {
			isa = XCConfigurationList;
			buildConfigurations = (
				7AFA3C861D35360C0083082E /* Debug */,
				7AFA3C871D35360C0083082E /* Release */,
				249021D3217E4FDB00AE95B9 /* Profile */,
			);
			defaultConfigurationIsVisible = 0;
			defaultConfigurationName = Release;
		};
		3B06AD251E833CAA004F5970 /* Build configuration list for PBXNativeTarget "Runner" */ = {
			isa = XCConfigurationList;
			buildConfigurations = (
				3B06AD231E833CAA004F5970 /* Debug */,
				3B06AD241E833CAA004F5970 /* Release */,
				249021D4217E4FDB00AE95B9 /* Profile */,
			);
			defaultConfigurationIsVisible = 0;
			defaultConfigurationName = Release;
		};
		3B3967211E833CAA004F5970 /* Build configuration list for PBXNativeTarget "RunnerTests" */ = {
			isa = XCConfigurationList;
			buildConfigurations = (
				3B39671E1E833CAA004F5970 /* Debug */,
				3B3967201E833CAA004F5970 /* Release */,
				3B39671F1E833CAA004F5970 /* Profile */,
			);
			defaultConfigurationIsVisible = 0;
			defaultConfigurationName = Release;
		};
/* End XCConfigurationList section */
	};
	rootObject = 089C1665FE841209C02AAC07 /* Project object */;
}
